
Microsoft Visual Studio Solution File, Format Version 12.00
# Visual Studio Version 16
VisualStudioVersion = 16.0.32802.440
MinimumVisualStudioVersion = 10.0.40219.1
Project("{FAE04EC0-301F-11D3-BF4B-00C04F79EFBC}") = "AppIMC.Android", "AppIMC\AppIMC.Android\AppIMC.Android.csproj", "{22DF9DBC-12E6-409F-8F48-07D173740268}"
EndProject
Project("{FAE04EC0-301F-11D3-BF4B-00C04F79EFBC}") = "AppIMC.iOS", "AppIMC\AppIMC.iOS\AppIMC.iOS.csproj", "{577FA5DD-09CF-4334-902A-FEB856D26EA7}"
EndProject
Project("{FAE04EC0-301F-11D3-BF4B-00C04F79EFBC}") = "AppIMC", "AppIMC\AppIMC\AppIMC.csproj", "{05A6DFB3-7351-440F-AADA-CE045E53E32A}"
EndProject
Global
	GlobalSection(SolutionConfigurationPlatforms) = preSolution
		Debug|Any CPU = Debug|Any CPU
		Debug|iPhone = Debug|iPhone
		Debug|iPhoneSimulator = Debug|iPhoneSimulator
		Release|Any CPU = Release|Any CPU
		Release|iPhone = Release|iPhone
		Release|iPhoneSimulator = Release|iPhoneSimulator
	EndGlobalSection
	GlobalSection(ProjectConfigurationPlatforms) = postSolution
		{22DF9DBC-12E6-409F-8F48-07D173740268}.Debug|Any CPU.ActiveCfg = Debug|Any CPU
		{22DF9DBC-12E6-409F-8F48-07D173740268}.Debug|Any CPU.Build.0 = Debug|Any CPU
		{22DF9DBC-12E6-409F-8F48-07D173740268}.Debug|Any CPU.Deploy.0 = Debug|Any CPU
		{22DF9DBC-12E6-409F-8F48-07D173740268}.Debug|iPhone.ActiveCfg = Debug|Any CPU
		{22DF9DBC-12E6-409F-8F48-07D173740268}.Debug|iPhone.Build.0 = Debug|Any CPU
		{22DF9DBC-12E6-409F-8F48-07D173740268}.Debug|iPhone.Deploy.0 = Debug|Any CPU
		{22DF9DBC-12E6-409F-8F48-07D173740268}.Debug|iPhoneSimulator.ActiveCfg = Debug|Any CPU
		{22DF9DBC-12E6-409F-8F48-07D173740268}.Debug|iPhoneSimulator.Build.0 = Debug|Any CPU
		{22DF9DBC-12E6-409F-8F48-07D173740268}.Debug|iPhoneSimulator.Deploy.0 = Debug|Any CPU
		{22DF9DBC-12E6-409F-8F48-07D173740268}.Release|Any CPU.ActiveCfg = Release|Any CPU
		{22DF9DBC-12E6-409F-8F48-07D173740268}.Release|Any CPU.Build.0 = Release|Any CPU
		{22DF9DBC-12E6-409F-8F48-07D173740268}.Release|Any CPU.Deploy.0 = Release|Any CPU
		{22DF9DBC-12E6-409F-8F48-07D173740268}.Release|iPhone.ActiveCfg = Release|Any CPU
		{22DF9DBC-12E6-409F-8F48-07D173740268}.Release|iPhone.Build.0 = Release|Any CPU
		{22DF9DBC-12E6-409F-8F48-07D173740268}.Release|iPhone.Deploy.0 = Release|Any CPU
		{22DF9DBC-12E6-409F-8F48-07D173740268}.Release|iPhoneSimulator.ActiveCfg = Release|Any CPU
		{22DF9DBC-12E6-409F-8F48-07D173740268}.Release|iPhoneSimulator.Build.0 = Release|Any CPU
		{22DF9DBC-12E6-409F-8F48-07D173740268}.Release|iPhoneSimulator.Deploy.0 = Release|Any CPU
		{577FA5DD-09CF-4334-902A-FEB856D26EA7}.Debug|Any CPU.ActiveCfg = Debug|iPhone
		{577FA5DD-09CF-4334-902A-FEB856D26EA7}.Debug|Any CPU.Build.0 = Debug|iPhone
		{577FA5DD-09CF-4334-902A-FEB856D26EA7}.Debug|Any CPU.Deploy.0 = Debug|iPhone
		{577FA5DD-09CF-4334-902A-FEB856D26EA7}.Debug|iPhone.ActiveCfg = Debug|iPhone
		{577FA5DD-09CF-4334-902A-FEB856D26EA7}.Debug|iPhone.Build.0 = Debug|iPhone
		{577FA5DD-09CF-4334-902A-FEB856D26EA7}.Debug|iPhone.Deploy.0 = Debug|iPhone
		{577FA5DD-09CF-4334-902A-FEB856D26EA7}.Debug|iPhoneSimulator.ActiveCfg = Debug|iPhoneSimulator
		{577FA5DD-09CF-4334-902A-FEB856D26EA7}.Debug|iPhoneSimulator.Build.0 = Debug|iPhoneSimulator
		{577FA5DD-09CF-4334-902A-FEB856D26EA7}.Debug|iPhoneSimulator.Deploy.0 = Debug|iPhoneSimulator
		{577FA5DD-09CF-4334-902A-FEB856D26EA7}.Release|Any CPU.ActiveCfg = Release|iPhoneSimulator
		{577FA5DD-09CF-4334-902A-FEB856D26EA7}.Release|Any CPU.Build.0 = Release|iPhoneSimulator
		{577FA5DD-09CF-4334-902A-FEB856D26EA7}.Release|Any CPU.Deploy.0 = Release|iPhoneSimulator
		{577FA5DD-09CF-4334-902A-FEB856D26EA7}.Release|iPhone.ActiveCfg = Release|iPhone
		{577FA5DD-09CF-4334-902A-FEB856D26EA7}.Release|iPhone.Build.0 = Release|iPhone
		{577FA5DD-09CF-4334-902A-FEB856D26EA7}.Release|iPhone.Deploy.0 = Release|iPhone
		{577FA5DD-09CF-4334-902A-FEB856D26EA7}.Release|iPhoneSimulator.ActiveCfg = Release|iPhoneSimulator
		{577FA5DD-09CF-4334-902A-FEB856D26EA7}.Release|iPhoneSimulator.Build.0 = Release|iPhoneSimulator
		{577FA5DD-09CF-4334-902A-FEB856D26EA7}.Release|iPhoneSimulator.Deploy.0 = Release|iPhoneSimulator
		{05A6DFB3-7351-440F-AADA-CE045E53E32A}.Debug|Any CPU.ActiveCfg = Debug|Any CPU
		{05A6DFB3-7351-440F-AADA-CE045E53E32A}.Debug|Any CPU.Build.0 = Debug|Any CPU
		{05A6DFB3-7351-440F-AADA-CE045E53E32A}.Debug|Any CPU.Deploy.0 = Debug|Any CPU
		{05A6DFB3-7351-440F-AADA-CE045E53E32A}.Debug|iPhone.ActiveCfg = Debug|Any CPU
		{05A6DFB3-7351-440F-AADA-CE045E53E32A}.Debug|iPhone.Build.0 = Debug|Any CPU
		{05A6DFB3-7351-440F-AADA-CE045E53E32A}.Debug|iPhone.Deploy.0 = Debug|Any CPU
		{05A6DFB3-7351-440F-AADA-CE045E53E32A}.Debug|iPhoneSimulator.ActiveCfg = Debug|Any CPU
		{05A6DFB3-7351-440F-AADA-CE045E53E32A}.Debug|iPhoneSimulator.Build.0 = Debug|Any CPU
		{05A6DFB3-7351-440F-AADA-CE045E53E32A}.Debug|iPhoneSimulator.Deploy.0 = Debug|Any CPU
		{05A6DFB3-7351-440F-AADA-CE045E53E32A}.Release|Any CPU.ActiveCfg = Release|Any CPU
		{05A6DFB3-7351-440F-AADA-CE045E53E32A}.Release|Any CPU.Build.0 = Release|Any CPU
		{05A6DFB3-7351-440F-AADA-CE045E53E32A}.Release|Any CPU.Deploy.0 = Release|Any CPU
		{05A6DFB3-7351-440F-AADA-CE045E53E32A}.Release|iPhone.ActiveCfg = Release|Any CPU
		{05A6DFB3-7351-440F-AADA-CE045E53E32A}.Release|iPhone.Build.0 = Release|Any CPU
		{05A6DFB3-7351-440F-AADA-CE045E53E32A}.Release|iPhone.Deploy.0 = Release|Any CPU
		{05A6DFB3-7351-440F-AADA-CE045E53E32A}.Release|iPhoneSimulator.ActiveCfg = Release|Any CPU
		{05A6DFB3-7351-440F-AADA-CE045E53E32A}.Release|iPhoneSimulator.Build.0 = Release|Any CPU
		{05A6DFB3-7351-440F-AADA-CE045E53E32A}.Release|iPhoneSimulator.Deploy.0 = Release|Any CPU
	EndGlobalSection
	GlobalSection(SolutionProperties) = preSolution
		HideSolutionNode = FALSE
	EndGlobalSection
	GlobalSection(ExtensibilityGlobals) = postSolution
		SolutionGuid = {D0BCC204-08C2-4447-A36B-B73EF316022A}
	EndGlobalSection
EndGlobal
